
Microsoft Visual Studio Solution File, Format Version 12.00
# Visual Studio Version 17
VisualStudioVersion = 17.5.33424.131
MinimumVisualStudioVersion = 10.0.40219.1
Project("{FAE04EC0-301F-11D3-BF4B-00C04F79EFBC}") = "TryCatch", "TryCatch\TryCatch.csproj", "{99E76E40-D40F-4964-BB21-72CC8CD17114}"
EndProject
Global
	GlobalSection(SolutionConfigurationPlatforms) = preSolution
		Debug|Any CPU = Debug|Any CPU
		Release|Any CPU = Release|Any CPU
	EndGlobalSection
	GlobalSection(ProjectConfigurationPlatforms) = postSolution
		{99E76E40-D40F-4964-BB21-72CC8CD17114}.Debug|Any CPU.ActiveCfg = Debug|Any CPU
		{99E76E40-D40F-4964-BB21-72CC8CD17114}.Debug|Any CPU.Build.0 = Debug|Any CPU
		{99E76E40-D40F-4964-BB21-72CC8CD17114}.Release|Any CPU.ActiveCfg = Release|Any CPU
		{99E76E40-D40F-4964-BB21-72CC8CD17114}.Release|Any CPU.Build.0 = Release|Any CPU
	EndGlobalSection
	GlobalSection(SolutionProperties) = preSolution
		HideSolutionNode = FALSE
	EndGlobalSection
	GlobalSection(ExtensibilityGlobals) = postSolution
		SolutionGuid = {8E520C87-26E1-42BD-8BD6-A9E002C76B2F}
	EndGlobalSection
EndGlobal
